
Microsoft Visual Studio Solution File, Format Version 12.00
# Visual Studio Version 17
VisualStudioVersion = 17.14.36221.1
MinimumVisualStudioVersion = 10.0.40219.1
Project("{FAE04EC0-301F-11D3-BF4B-00C04F79EFBC}") = "ABCRetail_POE", "ABCRetail_POE\ABCRetail_POE.csproj", "{E01D2005-3E4D-4218-B2FF-EECF16130BB1}"
EndProject
Project("{FAE04EC0-301F-11D3-BF4B-00C04F79EFBC}") = "ClassLibrary", "ClassLibrary\ClassLibrary.csproj", "{5FEE17F8-8719-4B30-B951-5157C986E9B6}"
EndProject
Project("{FAE04EC0-301F-11D3-BF4B-00C04F79EFBC}") = "MyFunctions", "MyFunctions\MyFunctions.csproj", "{3661262B-BDE6-490E-951C-DCD9FEF27D8E}"
EndProject
Project("{FAE04EC0-301F-11D3-BF4B-00C04F79EFBC}") = "HashGenerator", "HashGenerator\HashGenerator.csproj", "{F32CF485-B3DE-43BE-B623-CE883DA8B2CD}"
EndProject
Global
	GlobalSection(SolutionConfigurationPlatforms) = preSolution
		Debug|Any CPU = Debug|Any CPU
		Release|Any CPU = Release|Any CPU
	EndGlobalSection
	GlobalSection(ProjectConfigurationPlatforms) = postSolution
		{E01D2005-3E4D-4218-B2FF-EECF16130BB1}.Debug|Any CPU.ActiveCfg = Debug|Any CPU
		{E01D2005-3E4D-4218-B2FF-EECF16130BB1}.Debug|Any CPU.Build.0 = Debug|Any CPU
		{E01D2005-3E4D-4218-B2FF-EECF16130BB1}.Release|Any CPU.ActiveCfg = Release|Any CPU
		{E01D2005-3E4D-4218-B2FF-EECF16130BB1}.Release|Any CPU.Build.0 = Release|Any CPU
		{5FEE17F8-8719-4B30-B951-5157C986E9B6}.Debug|Any CPU.ActiveCfg = Debug|Any CPU
		{5FEE17F8-8719-4B30-B951-5157C986E9B6}.Debug|Any CPU.Build.0 = Debug|Any CPU
		{5FEE17F8-8719-4B30-B951-5157C986E9B6}.Release|Any CPU.ActiveCfg = Release|Any CPU
		{5FEE17F8-8719-4B30-B951-5157C986E9B6}.Release|Any CPU.Build.0 = Release|Any CPU
		{3661262B-BDE6-490E-951C-DCD9FEF27D8E}.Debug|Any CPU.ActiveCfg = Debug|Any CPU
		{3661262B-BDE6-490E-951C-DCD9FEF27D8E}.Debug|Any CPU.Build.0 = Debug|Any CPU
		{3661262B-BDE6-490E-951C-DCD9FEF27D8E}.Release|Any CPU.ActiveCfg = Release|Any CPU
		{3661262B-BDE6-490E-951C-DCD9FEF27D8E}.Release|Any CPU.Build.0 = Release|Any CPU
		{F32CF485-B3DE-43BE-B623-CE883DA8B2CD}.Debug|Any CPU.ActiveCfg = Debug|Any CPU
		{F32CF485-B3DE-43BE-B623-CE883DA8B2CD}.Debug|Any CPU.Build.0 = Debug|Any CPU
		{F32CF485-B3DE-43BE-B623-CE883DA8B2CD}.Release|Any CPU.ActiveCfg = Release|Any CPU
		{F32CF485-B3DE-43BE-B623-CE883DA8B2CD}.Release|Any CPU.Build.0 = Release|Any CPU
	EndGlobalSection
	GlobalSection(SolutionProperties) = preSolution
		HideSolutionNode = FALSE
	EndGlobalSection
	GlobalSection(ExtensibilityGlobals) = postSolution
		SolutionGuid = {BB8F214A-9F38-476F-A2F8-0DAB4F2D0738}
	EndGlobalSection
EndGlobal
